{
  "originHash" : "6791f95d2c87cba2f02d5d041389d4676fdadfa2218317ca04baf2896f027f1b",
  "pins" : [
    {
      "identity" : "capacitor-swift-pm",
      "kind" : "remoteSourceControl",
      "location" : "https://github.com/ionic-team/capacitor-swift-pm.git",
      "state" : {
        "revision" : "1f324fe7bdbdc8c5cc28bea48a231545a8c2e823",
        "version" : "8.1.0"
      }
    },
    {
      "identity" : "purchases-hybrid-common",
      "kind" : "remoteSourceControl",
      "location" : "https://github.com/RevenueCat/purchases-hybrid-common.git",
      "state" : {
        "revision" : "6856d04423ade0663403bd3a0640ad016dcfc1c9",
        "version" : "17.41.1"
      }
    },
    {
      "identity" : "purchases-ios-spm",
      "kind" : "remoteSourceControl",
      "location" : "https://github.com/RevenueCat/purchases-ios-spm",
      "state" : {
        "revision" : "828a464d12ff8fe4f633ef1b0116e76fd2a1e462",
        "version" : "5.59.2"
      }
    }
  ],
  "version" : 3
}
